
Microsoft Visual Studio Solution File, Format Version 12.00
# Visual Studio Version 17
VisualStudioVersion = 17.4.33205.214
MinimumVisualStudioVersion = 10.0.40219.1
Project("{FAE04EC0-301F-11D3-BF4B-00C04F79EFBC}") = "Assignment2", "Assignment2.csproj", "{9601B7BD-34A4-48D4-AA3C-04B5A15D90E3}"
EndProject
Project("{2150E333-8FDC-42A3-9474-1A3956D46DE8}") = "Çözüm Öğeleri", "Çözüm Öğeleri", "{B728FD67-3156-4288-9CEC-1B8A75385A61}"
	ProjectSection(SolutionItems) = preProject
		SqlQuery_1.sql = SqlQuery_1.sql
	EndProjectSection
EndProject
Global
	GlobalSection(SolutionConfigurationPlatforms) = preSolution
		Debug|Any CPU = Debug|Any CPU
		Release|Any CPU = Release|Any CPU
	EndGlobalSection
	GlobalSection(ProjectConfigurationPlatforms) = postSolution
		{9601B7BD-34A4-48D4-AA3C-04B5A15D90E3}.Debug|Any CPU.ActiveCfg = Debug|Any CPU
		{9601B7BD-34A4-48D4-AA3C-04B5A15D90E3}.Debug|Any CPU.Build.0 = Debug|Any CPU
		{9601B7BD-34A4-48D4-AA3C-04B5A15D90E3}.Release|Any CPU.ActiveCfg = Release|Any CPU
		{9601B7BD-34A4-48D4-AA3C-04B5A15D90E3}.Release|Any CPU.Build.0 = Release|Any CPU
	EndGlobalSection
	GlobalSection(SolutionProperties) = preSolution
		HideSolutionNode = FALSE
	EndGlobalSection
	GlobalSection(ExtensibilityGlobals) = postSolution
		SolutionGuid = {BF401549-146F-49D1-9A11-42EA79F76EA7}
	EndGlobalSection
EndGlobal
